github.com/BurntSushi/toml v1.3.0 h1:Ws8e5YmnrGEHzZEzg0YvK/7COGYtTC5PbaH9oSSbgfA=
github.com/BurntSushi/toml v1.3.0/go.mod h1:CxXYINrC8qIiEnFrOxCa7Jy5BFHlXnUU2pbicEuybxQ=
github.com/Songmu/timeout v0.4.0 h1:7qUlKeO2neby/Htk9bYYd9w6VSj5MDkE6jnwGZV5zmU=
github.com/Songmu/timeout v0.4.0/go.mod h1:lS4MuG+s4DJ+RvC+lmvhPTRjIRbZfqdP7K4NURzZVcg=
github.com/Songmu/wrapcommander v0.1.0 h1:y8/yk9/PHT983weH+ehZIOJ7JtwAlI1AkfUpUNCj1SY=
github.com/Songmu/wrapcommander v0.1.0/go.mod h1:EC2y4OnN8PkdMnaCwcSzItewq+f0yqUvS30kcS4vmn0=
github.com/agext/levenshtein v1.2.3 h1:YB2fHEn0UJagG8T1rrWknE3ZQzWM06O8AMAatNn7lmo=
github.com/agext/levenshtein v1.2.3/go.mod h1:JEDfjyjHDjOF/1e4FlBE/PkbqA9OfWu2ki2W0IB5558=
github.com/alexflint/go-arg v1.4.3 h1:9rwwEBpMXfKQKceuZfYcwuc/7YY7tWJbFsgG5cAU/uo=
github.com/alexflint/go-arg v1.4.3/go.mod h1:3PZ/wp/8HuqRZMUUgu7I+e1qcpUbvmS258mRXkFH4IA=
github.com/alexflint/go-scalar v1.1.0 h1:aaAouLLzI9TChcPXotr6gUhq+Scr8rl0P9P4PnltbhM=
github.com/alexflint/go-scalar v1.1.0/go.mod h1:LoFvNMqS1CPrMVltza4LvnGKhaSpc3oyLEBUZVhhS2o=
github.com/davecgh/go-spew v1.1.0/go.mod h1:J7Y8YcW2NihsgmVo/mv3lAwl/skON4iLHjSsI+c5H38=
github.com/davecgh/go-spew v1.1.1 h1:vj9j/u1bqnvCEfJOwUhtlOARqs3+rkHYY13jYWTU97c=
github.com/davecgh/go-spew v1.1.1/go.mod h1:J7Y8YcW2NihsgmVo/mv3lAwl/skON4iLHjSsI+c5H38=
github.com/kylelemons/godebug v1.1.0 h1:RPNrshWIDI6G2gRW9EHilWtl7Z6Sb1BR0xunSBf0SNc=
github.com/kylelemons/godebug v1.1.0/go.mod h1:9/0rRGxNHcop5bhtWyNeEfOS8JIWk580+fNqagV/RAw=
github.com/mackerelio/checkers v0.2.0 h1:YBOQjpU2Qno66eUrUEH6DjWn+Wna5BXCKMdekz50XWs=
github.com/mackerelio/checkers v0.2.0/go.mod h1:CW3k/5bvHhxDrfKgWvMvNH0R51zco141ZVxlI7o/KAc=
github.com/mackerelio/golib v1.2.1 h1:SDcDn6Jw3p9bi1N0bg1Z/ilG5qcBB23qL8xNwrU0gg4=
github.com/mackerelio/golib v1.2.1/go.mod h1:b8ZaapsHGH1FlEJlCqfD98CqafLeyMevyATDlID2BsM=
github.com/mackerelio/mackerel-agent v0.77.1 h1:O6mQbTW2X5dolNrML/i8bPObr6m4kN3y5/Q+uek/ej4=
github.com/mackerelio/mackerel-agent v0.77.1/go.mod h1:K87FDCy3+6hskzfrmUdOO0O2lsiDInLHN4emgX3mimc=
github.com/mackerelio/mackerel-client-go v0.26.0 h1:72hj2zw/rqTUNMNokenRxs6KfJ1aVxRHpZT8X4eOUuA=
github.com/mackerelio/mackerel-client-go v0.26.0/go.mod h1:b4qVMQi+w4rxtKQIFycLWXNBtIi9d0r571RzYmg/aXo=
github.com/pkg/errors v0.9.1 h1:FEBLx1zS214owpjy7qsBeixbURkuhQAwrK5UwLGTwt4=
github.com/pkg/errors v0.9.1/go.mod h1:bwawxfHBFNV+L2hUp1rHADufV3IMtnDRdf1r5NINEl0=
github.com/pmezard/go-difflib v1.0.0 h1:4DBwDE0NGyQoBHbLQYPwSUPoCMWR5BEzIk/f1lZbAQM=
github.com/pmezard/go-difflib v1.0.0/go.mod h1:iKH77koFhYxTK1pcRnkKkqfTogsbg7gZNVY4sRDYZ/4=
github.com/stretchr/objx v0.1.0/go.mod h1:HFkY916IF+rwdDfMAkV7OtwuqBVzrE8GR6GFx+wExME=
github.com/stretchr/testify v1.2.2/go.mod h1:a8OnRcib4nhh0OaRAV+Yts87kKdq0PP7pXfy6kDkUVs=
github.com/stretchr/testify v1.7.0 h1:nwc3DEeHmmLAfoZucVR881uASk0Mfjw8xYJ99tb5CcY=
github.com/stretchr/testify v1.7.0/go.mod h1:6Fq8oRcR53rry900zMqJjRRixrwX3KX962/h/Wwjteg=
golang.org/x/text v0.9.0 h1:2sjJmO8cDvYveuX97RDLsxlyUxLl+GHoLxBiRdHllBE=
golang.org/x/text v0.9.0/go.mod h1:e1OnstbJyHTd6l/uOt8jFFHp6TRDWZR/bV3emEE/zU8=
gopkg.in/check.v1 v0.0.0-20161208181325-20d25e280405 h1:yhCVgyC4o1eVCa2tZl7eS0r+SDo693bJlVdllGtEeKM=
gopkg.in/check.v1 v0.0.0-20161208181325-20d25e280405/go.mod h1:Co6ibVJAznAaIkqp8huTwlJQCZ016jof/cbN4VW5Yz0=
gopkg.in/yaml.v3 v3.0.0-20200313102051-9f266ea9e77c/go.mod h1:K4uyk7z7BCEPqu6E+C64Yfv1cQ7kz7rIZviUmN+EgEM=
gopkg.in/yaml.v3 v3.0.0 h1:hjy8E9ON/egN1tAYqKb61G10WtihqetD4sz2H+8nIeA=
gopkg.in/yaml.v3 v3.0.0/go.mod h1:K4uyk7z7BCEPqu6E+C64Yfv1cQ7kz7rIZviUmN+EgEM=
